
Microsoft Visual Studio Solution File, Format Version 12.00
# Visual Studio Version 17
VisualStudioVersion = 17.0.31903.59
MinimumVisualStudioVersion = 10.0.40219.1
Project("{9A19103F-16F7-4668-BE54-9A1E7A4F7556}") = "HieroglyphicWritingExerciseTool", "HieroglyphicWritingExerciseTool\HieroglyphicWritingExerciseTool.csproj", "{A1905F88-9F35-400F-A876-75826B3C8AA2}"
EndProject
Project("{2150E333-8FDC-42A3-9474-1A3956D46DE8}") = "Solution Items", "Solution Items", "{83B7A2A9-68A1-4826-A23E-6895A942E1FE}"
	ProjectSection(SolutionItems) = preProject
		..\.editorconfig = ..\.editorconfig
		..\.gitattributes = ..\.gitattributes
		..\.gitignore = ..\.gitignore
		..\LICENSE.md = ..\LICENSE.md
		..\README.md = ..\README.md
	EndProjectSection
EndProject
Global
	GlobalSection(SolutionConfigurationPlatforms) = preSolution
		Debug|Any CPU = Debug|Any CPU
		Release|Any CPU = Release|Any CPU
	EndGlobalSection
	GlobalSection(ProjectConfigurationPlatforms) = postSolution
		{A1905F88-9F35-400F-A876-75826B3C8AA2}.Debug|Any CPU.ActiveCfg = Debug|Any CPU
		{A1905F88-9F35-400F-A876-75826B3C8AA2}.Debug|Any CPU.Build.0 = Debug|Any CPU
		{A1905F88-9F35-400F-A876-75826B3C8AA2}.Release|Any CPU.ActiveCfg = Release|Any CPU
		{A1905F88-9F35-400F-A876-75826B3C8AA2}.Release|Any CPU.Build.0 = Release|Any CPU
	EndGlobalSection
	GlobalSection(SolutionProperties) = preSolution
		HideSolutionNode = FALSE
	EndGlobalSection
	GlobalSection(ExtensibilityGlobals) = postSolution
		SolutionGuid = {15C36CC0-11E0-4A38-B85D-B3125B1B8848}
	EndGlobalSection
EndGlobal
